// !$*UTF8*$!
{
	archiveVersion = 1;
	classes = {
	};
	objectVersion = 46;
	objects = {

/* Begin PBXBuildFile section */
		22E74E7B1A8422B600948272 /* main.m in Sources */ = {isa = PBXBuildFile; fileRef = 22E74E7A1A8422B600948272 /* main.m */; };
		22E74E7E1A8422B600948272 /* AppDelegate.m in Sources */ = {isa = PBXBuildFile; fileRef = 22E74E7D1A8422B600948272 /* AppDelegate.m */; };
		22E74E811A8422B600948272 /* ViewController.m in Sources */ = {isa = PBXBuildFile; fileRef = 22E74E801A8422B600948272 /* ViewController.m */; };
		22E74E841A8422B600948272 /* Main.storyboard in Resources */ = {isa = PBXBuildFile; fileRef = 22E74E821A8422B600948272 /* Main.storyboard */; };
		22E74E861A8422B600948272 /* Images.xcassets in Resources */ = {isa = PBXBuildFile; fileRef = 22E74E851A8422B600948272 /* Images.xcassets */; };
		22E74E891A8422B600948272 /* LaunchScreen.xib in Resources */ = {isa = PBXBuildFile; fileRef = 22E74E871A8422B600948272 /* LaunchScreen.xib */; };
		22E74E951A8422B700948272 /* SimpleTableTests.m in Sources */ = {isa = PBXBuildFile; fileRef = 22E74E941A8422B700948272 /* SimpleTableTests.m */; };
/* End PBXBuildFile section */

/* Begin PBXContainerItemProxy section */
		22E74E8F1A8422B700948272 /* PBXContainerItemProxy */ = {
			isa = PBXContainerItemProxy;
			containerPortal = 22E74E6D1A8422B600948272 /* Project object */;
			proxyType = 1;
			remoteGlobalIDString = 22E74E741A8422B600948272;
			remoteInfo = SimpleTable;
		};
/* End PBXContainerItemProxy section */

/* Begin PBXFileReference section */
		22E74E751A8422B600948272 /* SimpleTable.app */ = {isa = PBXFileReference; explicitFileType = wrapper.application; includeInIndex = 0; path = SimpleTable.app; sourceTree = BUILT_PRODUCTS_DIR; };
		22E74E791A8422B600948272 /* Info.plist */ = {isa = PBXFileReference; lastKnownFileType = text.plist.xml; path = Info.plist; sourceTree = "<group>"; };
		22E74E7A1A8422B600948272 /* main.m */ = {isa = PBXFileReference; lastKnownFileType = sourcecode.c.objc; path = main.m; sourceTree = "<group>"; };
		22E74E7C1A8422B600948272 /* AppDelegate.h */ = {isa = PBXFileReference; lastKnownFileType = sourcecode.c.h; path = AppDelegate.h; sourceTree = "<group>"; };
		22E74E7D1A8422B600948272 /* AppDelegate.m */ = {isa = PBXFileReference; lastKnownFileType = sourcecode.c.objc; path = AppDelegate.m; sourceTree = "<group>"; };
		22E74E7F1A8422B600948272 /* ViewController.h */ = {isa = PBXFileReference; lastKnownFileType = sourcecode.c.h; path = ViewController.h; sourceTree = "<group>"; };
		22E74E801A8422B600948272 /* ViewController.m */ = {isa = PBXFileReference; lastKnownFileType = sourcecode.c.objc; path = ViewController.m; sourceTree = "<group>"; };
		22E74E831A8422B600948272 /* Base */ = {isa = PBXFileReference; lastKnownFileType = file.storyboard; name = Base; path = Base.lproj/Main.storyboard; sourceTree = "<group>"; };
		22E74E851A8422B600948272 /* Images.xcassets */ = {isa = PBXFileReference; lastKnownFileType = folder.assetcatalog; path = Images.xcassets; sourceTree = "<group>"; };
		22E74E881A8422B600948272 /* Base */ = {isa = PBXFileReference; lastKnownFileType = file.xib; name = Base; path = Base.lproj/LaunchScreen.xib; sourceTree = "<group>"; };
		22E74E8E1A8422B700948272 /* SimpleTableTests.xctest */ = {isa = PBXFileReference; explicitFileType = wrapper.cfbundle; includeInIndex = 0; path = SimpleTableTests.xctest; sourceTree = BUILT_PRODUCTS_DIR; };
		22E74E931A8422B700948272 /* Info.plist */ = {isa = PBXFileReference; lastKnownFileType = text.plist.xml; path = Info.plist; sourceTree = "<group>"; };
		22E74E941A8422B700948272 /* SimpleTableTests.m */ = {isa = PBXFileReference; lastKnownFileType = sourcecode.c.objc; path = SimpleTableTests.m; sourceTree = "<group>"; };
/* End PBXFileReference section */

/* Begin PBXFrameworksBuildPhase section */
		22E74E721A8422B600948272 /* Frameworks */ = {
			isa = PBXFrameworksBuildPhase;
			buildActionMask = 2147483647;
			files = (
			);
			runOnlyForDeploymentPostprocessing = 0;
		};
		22E74E8B1A8422B700948272 /* Frameworks */ = {
			isa = PBXFrameworksBuildPhase;
			buildActionMask = 2147483647;
			files = (
			);
			runOnlyForDeploymentPostprocessing = 0;
		};
/* End PBXFrameworksBuildPhase section */

/* Begin PBXGroup section */
		22E74E6C1A8422B600948272 = {
			isa = PBXGroup;
			children = (
				22E74E771A8422B600948272 /* SimpleTable */,
				22E74E911A8422B700948272 /* SimpleTableTests */,
				22E74E761A8422B600948272 /* Products */,
			);
			sourceTree = "<group>";
		};
		22E74E761A8422B600948272 /* Products */ = {
			isa = PBXGroup;
			children = (
				22E74E751A8422B600948272 /* SimpleTable.app */,
				22E74E8E1A8422B700948272 /* SimpleTableTests.xctest */,
			);
			name = Products;
			sourceTree = "<group>";
		};
		22E74E771A8422B600948272 /* SimpleTable */ = {
			isa = PBXGroup;
			children = (
				22E74E7C1A8422B600948272 /* AppDelegate.h */,
				22E74E7D1A8422B600948272 /* AppDelegate.m */,
				22E74E7F1A8422B600948272 /* ViewController.h */,
				22E74E801A8422B600948272 /* ViewController.m */,
				22E74E821A8422B600948272 /* Main.storyboard */,
				22E74E851A8422B600948272 /* Images.xcassets */,
				22E74E871A8422B600948272 /* LaunchScreen.xib */,
				22E74E781A8422B600948272 /* Supporting Files */,
			);
			path = SimpleTable;
			sourceTree = "<group>";
		};
		22E74E781A8422B600948272 /* Supporting Files */ = {
			isa = PBXGroup;
			children = (
				22E74E791A8422B600948272 /* Info.plist */,
				22E74E7A1A8422B600948272 /* main.m */,
			);
			name = "Supporting Files";
			sourceTree = "<group>";
		};
		22E74E911A8422B700948272 /* SimpleTableTests */ = {
			isa = PBXGroup;
			children = (
				22E74E941A8422B700948272 /* SimpleTableTests.m */,
				22E74E921A8422B700948272 /* Supporting Files */,
			);
			path = SimpleTableTests;
			sourceTree = "<group>";
		};
		22E74E921A8422B700948272 /* Supporting Files */ = {
			isa = PBXGroup;
			children = (
				22E74E931A8422B700948272 /* Info.plist */,
			);
			name = "Supporting Files";
			sourceTree = "<group>";
		};
/* End PBXGroup section */

/* Begin PBXNativeTarget section */
		22E74E741A8422B600948272 /* SimpleTable */ = {
			isa = PBXNativeTarget;
			buildConfigurationList = 22E74E981A8422B700948272 /* Build configuration list for PBXNativeTarget "SimpleTable" */;
			buildPhases = (
				22E74E711A8422B600948272 /* Sources */,
				22E74E721A8422B600948272 /* Frameworks */,
				22E74E731A8422B600948272 /* Resources */,
			);
			buildRules = (
			);
			dependencies = (
			);
			name = SimpleTable;
			productName = SimpleTable;
			productReference = 22E74E751A8422B600948272 /* SimpleTable.app */;
			productType = "com.apple.product-type.application";
		};
		22E74E8D1A8422B700948272 /* SimpleTableTests */ = {
			isa = PBXNativeTarget;
			buildConfigurationList = 22E74E9B1A8422B700948272 /* Build configuration list for PBXNativeTarget "SimpleTableTests" */;
			buildPhases = (
				22E74E8A1A8422B700948272 /* Sources */,
				22E74E8B1A8422B700948272 /* Frameworks */,
				22E74E8C1A8422B700948272 /* Resources */,
			);
			buildRules = (
			);
			dependencies = (
				22E74E901A8422B700948272 /* PBXTargetDependency */,
			);
			name = SimpleTableTests;
			productName = SimpleTableTests;
			productReference = 22E74E8E1A8422B700948272 /* SimpleTableTests.xctest */;
			productType = "com.apple.product-type.bundle.unit-test";
		};
/* End PBXNativeTarget section */

/* Begin PBXProject section */
		22E74E6D1A8422B600948272 /* Project object */ = {
			isa = PBXProject;
			attributes = {
				LastUpgradeCheck = 0610;
				ORGANIZATIONNAME = "Ugrad Research";
				TargetAttributes = {
					22E74E741A8422B600948272 = {
						CreatedOnToolsVersion = 6.1.1;
					};
					22E74E8D1A8422B700948272 = {
						CreatedOnToolsVersion = 6.1.1;
						TestTargetID = 22E74E741A8422B600948272;
					};
				};
			};
			buildConfigurationList = 22E74E701A8422B600948272 /* Build configuration list for PBXProject "SimpleTable" */;
			compatibilityVersion = "Xcode 3.2";
			developmentRegion = English;
			hasScannedForEncodings = 0;
			knownRegions = (
				en,
				Base,
			);
			mainGroup = 22E74E6C1A8422B600948272;
			productRefGroup = 22E74E761A8422B600948272 /* Products */;
			projectDirPath = "";
			projectRoot = "";
			targets = (
				22E74E741A8422B600948272 /* SimpleTable */,
				22E74E8D1A8422B700948272 /* SimpleTableTests */,
			);
		};
/* End PBXProject section */

/* Begin PBXResourcesBuildPhase section */
		22E74E731A8422B600948272 /* Resources */ = {
			isa = PBXResourcesBuildPhase;
			buildActionMask = 2147483647;
			files = (
				22E74E841A8422B600948272 /* Main.storyboard in Resources */,
				22E74E891A8422B600948272 /* LaunchScreen.xib in Resources */,
				22E74E861A8422B600948272 /* Images.xcassets in Resources */,
			);
			runOnlyForDeploymentPostprocessing = 0;
		};
		22E74E8C1A8422B700948272 /* Resources */ = {
			isa = PBXResourcesBuildPhase;
			buildActionMask = 2147483647;
			files = (
			);
			runOnlyForDeploymentPostprocessing = 0;
		};
/* End PBXResourcesBuildPhase section */

/* Begin PBXSourcesBuildPhase section */
		22E74E711A8422B600948272 /* Sources */ = {
			isa = PBXSourcesBuildPhase;
			buildActionMask = 2147483647;
			files = (
				22E74E811A8422B600948272 /* ViewController.m in Sources */,
				22E74E7E1A8422B600948272 /* AppDelegate.m in Sources */,
				22E74E7B1A8422B600948272 /* main.m in Sources */,
			);
			runOnlyForDeploymentPostprocessing = 0;
		};
		22E74E8A1A8422B700948272 /* Sources */ = {
			isa = PBXSourcesBuildPhase;
			buildActionMask = 2147483647;
			files = (
				22E74E951A8422B700948272 /* SimpleTableTests.m in Sources */,
			);
			runOnlyForDeploymentPostprocessing = 0;
		};
/* End PBXSourcesBuildPhase section */

/* Begin PBXTargetDependency section */
		22E74E901A8422B700948272 /* PBXTargetDependency */ = {
			isa = PBXTargetDependency;
			target = 22E74E741A8422B600948272 /* SimpleTable */;
			targetProxy = 22E74E8F1A8422B700948272 /* PBXContainerItemProxy */;
		};
/* End PBXTargetDependency section */

/* Begin PBXVariantGroup section */
		22E74E821A8422B600948272 /* Main.storyboard */ = {
			isa = PBXVariantGroup;
			children = (
				22E74E831A8422B600948272 /* Base */,
			);
			name = Main.storyboard;
			sourceTree = "<group>";
		};
		22E74E871A8422B600948272 /* LaunchScreen.xib */ = {
			isa = PBXVariantGroup;
			children = (
				22E74E881A8422B600948272 /* Base */,
			);
			name = LaunchScreen.xib;
			sourceTree = "<group>";
		};
/* End PBXVariantGroup section */

/* Begin XCBuildConfiguration section */
		22E74E961A8422B700948272 /* Debug */ = {
			isa = XCBuildConfiguration;
			buildSettings = {
				ALWAYS_SEARCH_USER_PATHS = NO;
				CLANG_CXX_LANGUAGE_STANDARD = "gnu++0x";
				CLANG_CXX_LIBRARY = "libc++";
				CLANG_ENABLE_MODULES = YES;
				CLANG_ENABLE_OBJC_ARC = YES;
				CLANG_WARN_BOOL_CONVERSION = YES;
				CLANG_WARN_CONSTANT_CONVERSION = YES;
				CLANG_WARN_DIRECT_OBJC_ISA_USAGE = YES_ERROR;
				CLANG_WARN_EMPTY_BODY = YES;
				CLANG_WARN_ENUM_CONVERSION = YES;
				CLANG_WARN_INT_CONVERSION = YES;
				CLANG_WARN_OBJC_ROOT_CLASS = YES_ERROR;
				CLANG_WARN_UNREACHABLE_CODE = YES;
				CLANG_WARN__DUPLICATE_METHOD_MATCH = YES;
				"CODE_SIGN_IDENTITY[sdk=iphoneos*]" = "iPhone Developer";
				COPY_PHASE_STRIP = NO;
				ENABLE_STRICT_OBJC_MSGSEND = YES;
				GCC_C_LANGUAGE_STANDARD = gnu99;
				GCC_DYNAMIC_NO_PIC = NO;
				GCC_OPTIMIZATION_LEVEL = 0;
				GCC_PREPROCESSOR_DEFINITIONS = (
					"DEBUG=1",
					"$(inherited)",
				);
				GCC_SYMBOLS_PRIVATE_EXTERN = NO;
				GCC_WARN_64_TO_32_BIT_CONVERSION = YES;
				GCC_WARN_ABOUT_RETURN_TYPE = YES_ERROR;
				GCC_WARN_UNDECLARED_SELECTOR = YES;
				GCC_WARN_UNINITIALIZED_AUTOS = YES_AGGRESSIVE;
				GCC_WARN_UNUSED_FUNCTION = YES;
				GCC_WARN_UNUSED_VARIABLE = YES;
				IPHONEOS_DEPLOYMENT_TARGET = 8.1;
				MTL_ENABLE_DEBUG_INFO = YES;
				ONLY_ACTIVE_ARCH = YES;
				SDKROOT = iphoneos;
				TARGETED_DEVICE_FAMILY = "1,2";
			};
			name = Debug;
		};
		22E74E971A8422B700948272 /* Release */ = {
			isa = XCBuildConfiguration;
			buildSettings = {
				ALWAYS_SEARCH_USER_PATHS = NO;
				CLANG_CXX_LANGUAGE_STANDARD = "gnu++0x";
				CLANG_CXX_LIBRARY = "libc++";
				CLANG_ENABLE_MODULES = YES;
				CLANG_ENABLE_OBJC_ARC = YES;
				CLANG_WARN_BOOL_CONVERSION = YES;
				CLANG_WARN_CONSTANT_CONVERSION = YES;
				CLANG_WARN_DIRECT_OBJC_ISA_USAGE = YES_ERROR;
				CLANG_WARN_EMPTY_BODY = YES;
				CLANG_WARN_ENUM_CONVERSION = YES;
				CLANG_WARN_INT_CONVERSION = YES;
				CLANG_WARN_OBJC_ROOT_CLASS = YES_ERROR;
				CLANG_WARN_UNREACHABLE_CODE = YES;
				CLANG_WARN__DUPLICATE_METHOD_MATCH = YES;
				"CODE_SIGN_IDENTITY[sdk=iphoneos*]" = "iPhone Developer";
				COPY_PHASE_STRIP = YES;
				ENABLE_NS_ASSERTIONS = NO;
				ENABLE_STRICT_OBJC_MSGSEND = YES;
				GCC_C_LANGUAGE_STANDARD = gnu99;
				GCC_WARN_64_TO_32_BIT_CONVERSION = YES;
				GCC_WARN_ABOUT_RETURN_TYPE = YES_ERROR;
				GCC_WARN_UNDECLARED_SELECTOR = YES;
				GCC_WARN_UNINITIALIZED_AUTOS = YES_AGGRESSIVE;
				GCC_WARN_UNUSED_FUNCTION = YES;
				GCC_WARN_UNUSED_VARIABLE = YES;
				IPHONEOS_DEPLOYMENT_TARGET = 8.1;
				MTL_ENABLE_DEBUG_INFO = NO;
				SDKROOT = iphoneos;
				TARGETED_DEVICE_FAMILY = "1,2";
				VALIDATE_PRODUCT = YES;
			};
			name = Release;
		};
		22E74E991A8422B700948272 /* Debug */ = {
			isa = XCBuildConfiguration;
			buildSettings = {
				ASSETCATALOG_COMPILER_APPICON_NAME = AppIcon;
				INFOPLIST_FILE = SimpleTable/Info.plist;
				LD_RUNPATH_SEARCH_PATHS = "$(inherited) @executable_path/Frameworks";
				PRODUCT_NAME = "$(TARGET_NAME)";
			};
			name = Debug;
		};
		22E74E9A1A8422B700948272 /* Release */ = {
			isa = XCBuildConfiguration;
			buildSettings = {
				ASSETCATALOG_COMPILER_APPICON_NAME = AppIcon;
				INFOPLIST_FILE = SimpleTable/Info.plist;
				LD_RUNPATH_SEARCH_PATHS = "$(inherited) @executable_path/Frameworks";
				PRODUCT_NAME = "$(TARGET_NAME)";
			};
			name = Release;
		};
		22E74E9C1A8422B700948272 /* Debug */ = {
			isa = XCBuildConfiguration;
			buildSettings = {
				BUNDLE_LOADER = "$(TEST_HOST)";
				FRAMEWORK_SEARCH_PATHS = (
					"$(SDKROOT)/Developer/Library/Frameworks",
					"$(inherited)",
				);
				GCC_PREPROCESSOR_DEFINITIONS = (
					"DEBUG=1",
					"$(inherited)",
				);
				INFOPLIST_FILE = SimpleTableTests/Info.plist;
				LD_RUNPATH_SEARCH_PATHS = "$(inherited) @executable_path/Frameworks @loader_path/Frameworks";
				PRODUCT_NAME = "$(TARGET_NAME)";
				TEST_HOST = "$(BUILT_PRODUCTS_DIR)/SimpleTable.app/SimpleTable";
			};
			name = Debug;
		};
		22E74E9D1A8422B700948272 /* Release */ = {
			isa = XCBuildConfiguration;
			buildSettings = {
				BUNDLE_LOADER = "$(TEST_HOST)";
				FRAMEWORK_SEARCH_PATHS = (
					"$(SDKROOT)/Developer/Library/Frameworks",
					"$(inherited)",
				);
				INFOPLIST_FILE = SimpleTableTests/Info.plist;
				LD_RUNPATH_SEARCH_PATHS = "$(inherited) @executable_path/Frameworks @loader_path/Frameworks";
				PRODUCT_NAME = "$(TARGET_NAME)";
				TEST_HOST = "$(BUILT_PRODUCTS_DIR)/SimpleTable.app/SimpleTable";
			};
			name = Release;
		};
/* End XCBuildConfiguration section */

/* Begin XCConfigurationList section */
		22E74E701A8422B600948272 /* Build configuration list for PBXProject "SimpleTable" */ = {
			isa = XCConfigurationList;
			buildConfigurations = (
				22E74E961A8422B700948272 /* Debug */,
				22E74E971A8422B700948272 /* Release */,
			);
			defaultConfigurationIsVisible = 0;
			defaultConfigurationName = Release;
		};
		22E74E981A8422B700948272 /* Build configuration list for PBXNativeTarget "SimpleTable" */ = {
			isa = XCConfigurationList;
			buildConfigurations = (
				22E74E991A8422B700948272 /* Debug */,
				22E74E9A1A8422B700948272 /* Release */,
			);
			defaultConfigurationIsVisible = 0;
		};
		22E74E9B1A8422B700948272 /* Build configuration list for PBXNativeTarget "SimpleTableTests" */ = {
			isa = XCConfigurationList;
			buildConfigurations = (
				22E74E9C1A8422B700948272 /* Debug */,
				22E74E9D1A8422B700948272 /* Release */,
			);
			defaultConfigurationIsVisible = 0;
		};
/* End XCConfigurationList section */
	};
	rootObject = 22E74E6D1A8422B600948272 /* Project object */;
}
